
Microsoft Visual Studio Solution File, Format Version 12.00
# Visual Studio Version 16
VisualStudioVersion = 16.0.28705.295
MinimumVisualStudioVersion = 15.0.26124.0
Project("{9A19103F-16F7-4668-BE54-9A1E7A4F7556}") = "HoNoSoFt.LibGio.Bindings", "src\HoNoSoFt.LibGio.Bindings\HoNoSoFt.LibGio.Bindings.csproj", "{886C46FF-53A4-4285-8774-A69EFCDFB9F8}"
EndProject
Project("{9A19103F-16F7-4668-BE54-9A1E7A4F7556}") = "HoNoSoFt.LibGio.ConsoleTest", "src\HoNoSoFt.LibGio.ConsoleTest\HoNoSoFt.LibGio.ConsoleTest.csproj", "{8E37D684-2A9B-4C23-9161-9B3D8FEF6041}"
EndProject
Global
	GlobalSection(SolutionConfigurationPlatforms) = preSolution
		Debug|Any CPU = Debug|Any CPU
		Debug|x64 = Debug|x64
		Debug|x86 = Debug|x86
		Release|Any CPU = Release|Any CPU
		Release|x64 = Release|x64
		Release|x86 = Release|x86
	EndGlobalSection
	GlobalSection(ProjectConfigurationPlatforms) = postSolution
		{886C46FF-53A4-4285-8774-A69EFCDFB9F8}.Debug|Any CPU.ActiveCfg = Debug|Any CPU
		{886C46FF-53A4-4285-8774-A69EFCDFB9F8}.Debug|Any CPU.Build.0 = Debug|Any CPU
		{886C46FF-53A4-4285-8774-A69EFCDFB9F8}.Debug|x64.ActiveCfg = Debug|Any CPU
		{886C46FF-53A4-4285-8774-A69EFCDFB9F8}.Debug|x64.Build.0 = Debug|Any CPU
		{886C46FF-53A4-4285-8774-A69EFCDFB9F8}.Debug|x86.ActiveCfg = Debug|Any CPU
		{886C46FF-53A4-4285-8774-A69EFCDFB9F8}.Debug|x86.Build.0 = Debug|Any CPU
		{886C46FF-53A4-4285-8774-A69EFCDFB9F8}.Release|Any CPU.ActiveCfg = Release|Any CPU
		{886C46FF-53A4-4285-8774-A69EFCDFB9F8}.Release|Any CPU.Build.0 = Release|Any CPU
		{886C46FF-53A4-4285-8774-A69EFCDFB9F8}.Release|x64.ActiveCfg = Release|Any CPU
		{886C46FF-53A4-4285-8774-A69EFCDFB9F8}.Release|x64.Build.0 = Release|Any CPU
		{886C46FF-53A4-4285-8774-A69EFCDFB9F8}.Release|x86.ActiveCfg = Release|Any CPU
		{886C46FF-53A4-4285-8774-A69EFCDFB9F8}.Release|x86.Build.0 = Release|Any CPU
		{8E37D684-2A9B-4C23-9161-9B3D8FEF6041}.Debug|Any CPU.ActiveCfg = Debug|Any CPU
		{8E37D684-2A9B-4C23-9161-9B3D8FEF6041}.Debug|Any CPU.Build.0 = Debug|Any CPU
		{8E37D684-2A9B-4C23-9161-9B3D8FEF6041}.Debug|x64.ActiveCfg = Debug|Any CPU
		{8E37D684-2A9B-4C23-9161-9B3D8FEF6041}.Debug|x64.Build.0 = Debug|Any CPU
		{8E37D684-2A9B-4C23-9161-9B3D8FEF6041}.Debug|x86.ActiveCfg = Debug|Any CPU
		{8E37D684-2A9B-4C23-9161-9B3D8FEF6041}.Debug|x86.Build.0 = Debug|Any CPU
		{8E37D684-2A9B-4C23-9161-9B3D8FEF6041}.Release|Any CPU.ActiveCfg = Release|Any CPU
		{8E37D684-2A9B-4C23-9161-9B3D8FEF6041}.Release|Any CPU.Build.0 = Release|Any CPU
		{8E37D684-2A9B-4C23-9161-9B3D8FEF6041}.Release|x64.ActiveCfg = Release|Any CPU
		{8E37D684-2A9B-4C23-9161-9B3D8FEF6041}.Release|x64.Build.0 = Release|Any CPU
		{8E37D684-2A9B-4C23-9161-9B3D8FEF6041}.Release|x86.ActiveCfg = Release|Any CPU
		{8E37D684-2A9B-4C23-9161-9B3D8FEF6041}.Release|x86.Build.0 = Release|Any CPU
	EndGlobalSection
	GlobalSection(SolutionProperties) = preSolution
		HideSolutionNode = FALSE
	EndGlobalSection
	GlobalSection(ExtensibilityGlobals) = postSolution
		SolutionGuid = {E9C306A0-85BF-4931-83B7-E5136670AB0F}
	EndGlobalSection
EndGlobal
